
Microsoft Visual Studio Solution File, Format Version 12.00
Project("{FAE04EC0-301F-11D3-BF4B-00C04F79EFBC}") = "Refasmer", "Refasmer\Refasmer.csproj", "{E818E9AA-D603-446C-B14C-DD584B79F000}"
EndProject
Global
	GlobalSection(SolutionConfigurationPlatforms) = preSolution
		Debug|Any CPU = Debug|Any CPU
		Release|Any CPU = Release|Any CPU
	EndGlobalSection
	GlobalSection(ProjectConfigurationPlatforms) = postSolution
		{E818E9AA-D603-446C-B14C-DD584B79F000}.Debug|Any CPU.ActiveCfg = Debug|Any CPU
		{E818E9AA-D603-446C-B14C-DD584B79F000}.Debug|Any CPU.Build.0 = Debug|Any CPU
		{E818E9AA-D603-446C-B14C-DD584B79F000}.Release|Any CPU.ActiveCfg = Release|Any CPU
		{E818E9AA-D603-446C-B14C-DD584B79F000}.Release|Any CPU.Build.0 = Release|Any CPU
	EndGlobalSection
EndGlobal
