
Microsoft Visual Studio Solution File, Format Version 12.00
Project("{FAE04EC0-301F-11D3-BF4B-00C04F79EFBC}") = "Refasmer", "Refasmer\Refasmer.csproj", "{7ACA62FE-12CF-4B3B-8ABD-3FE0BCD21C56}"
EndProject
Project("{FAE04EC0-301F-11D3-BF4B-00C04F79EFBC}") = "RefasmerExe", "RefasmerExe\RefasmerExe.csproj", "{552F65D5-7946-483D-82F5-7592428D51BB}"
EndProject
Project("{FAE04EC0-301F-11D3-BF4B-00C04F79EFBC}") = "RefasmerTestDll", "RefasmerTestDll\RefasmerTestDll.csproj", "{99E5C7E4-5B2A-4D44-9576-C41675DBD2F1}"
EndProject
Global
	GlobalSection(SolutionConfigurationPlatforms) = preSolution
		Debug|Any CPU = Debug|Any CPU
		Release|Any CPU = Release|Any CPU
	EndGlobalSection
	GlobalSection(ProjectConfigurationPlatforms) = postSolution
		{7ACA62FE-12CF-4B3B-8ABD-3FE0BCD21C56}.Debug|Any CPU.ActiveCfg = Debug|Any CPU
		{7ACA62FE-12CF-4B3B-8ABD-3FE0BCD21C56}.Debug|Any CPU.Build.0 = Debug|Any CPU
		{7ACA62FE-12CF-4B3B-8ABD-3FE0BCD21C56}.Release|Any CPU.ActiveCfg = Release|Any CPU
		{7ACA62FE-12CF-4B3B-8ABD-3FE0BCD21C56}.Release|Any CPU.Build.0 = Release|Any CPU
		{41FE3869-24E4-4FA4-94A5-F76138C2F581}.Debug|Any CPU.ActiveCfg = Debug|Any CPU
		{41FE3869-24E4-4FA4-94A5-F76138C2F581}.Debug|Any CPU.Build.0 = Debug|Any CPU
		{41FE3869-24E4-4FA4-94A5-F76138C2F581}.Release|Any CPU.ActiveCfg = Release|Any CPU
		{41FE3869-24E4-4FA4-94A5-F76138C2F581}.Release|Any CPU.Build.0 = Release|Any CPU
		{552F65D5-7946-483D-82F5-7592428D51BB}.Debug|Any CPU.ActiveCfg = Debug|Any CPU
		{552F65D5-7946-483D-82F5-7592428D51BB}.Debug|Any CPU.Build.0 = Debug|Any CPU
		{552F65D5-7946-483D-82F5-7592428D51BB}.Release|Any CPU.ActiveCfg = Release|Any CPU
		{552F65D5-7946-483D-82F5-7592428D51BB}.Release|Any CPU.Build.0 = Release|Any CPU
		{99E5C7E4-5B2A-4D44-9576-C41675DBD2F1}.Debug|Any CPU.ActiveCfg = Debug|Any CPU
		{99E5C7E4-5B2A-4D44-9576-C41675DBD2F1}.Debug|Any CPU.Build.0 = Debug|Any CPU
		{99E5C7E4-5B2A-4D44-9576-C41675DBD2F1}.Release|Any CPU.ActiveCfg = Release|Any CPU
		{99E5C7E4-5B2A-4D44-9576-C41675DBD2F1}.Release|Any CPU.Build.0 = Release|Any CPU
	EndGlobalSection
EndGlobal
