
Microsoft Visual Studio Solution File, Format Version 12.00
Project("{FAE04EC0-301F-11D3-BF4B-00C04F79EFBC}") = "Refasmer", "Refasmer\Refasmer.csproj", "{7ACA62FE-12CF-4B3B-8ABD-3FE0BCD21C56}"
EndProject
Project("{FAE04EC0-301F-11D3-BF4B-00C04F79EFBC}") = "RefasmerExe", "RefasmerExe\RefasmerExe.csproj", "{552F65D5-7946-483D-82F5-7592428D51BB}"
EndProject
Project("{FAE04EC0-301F-11D3-BF4B-00C04F79EFBC}") = "RefasmerCliTool", "RefasmerCliTool\RefasmerCliTool.csproj", "{955EAC57-AF1C-46F1-AF12-7B112E6BE1E1}"
EndProject
Project("{FAE04EC0-301F-11D3-BF4B-00C04F79EFBC}") = "RefasmerTestAssembly", "RefasmerTestAssembly\RefasmerTestAssembly.csproj", "{B23C2DDC-7FEC-4C37-ABBF-9C16AEABF911}"
EndProject
Global
	GlobalSection(SolutionConfigurationPlatforms) = preSolution
		Debug|Any CPU = Debug|Any CPU
		Release|Any CPU = Release|Any CPU
	EndGlobalSection
	GlobalSection(ProjectConfigurationPlatforms) = postSolution
		{7ACA62FE-12CF-4B3B-8ABD-3FE0BCD21C56}.Debug|Any CPU.ActiveCfg = Debug|Any CPU
		{7ACA62FE-12CF-4B3B-8ABD-3FE0BCD21C56}.Debug|Any CPU.Build.0 = Debug|Any CPU
		{7ACA62FE-12CF-4B3B-8ABD-3FE0BCD21C56}.Release|Any CPU.ActiveCfg = Release|Any CPU
		{7ACA62FE-12CF-4B3B-8ABD-3FE0BCD21C56}.Release|Any CPU.Build.0 = Release|Any CPU
		{41FE3869-24E4-4FA4-94A5-F76138C2F581}.Debug|Any CPU.ActiveCfg = Debug|Any CPU
		{41FE3869-24E4-4FA4-94A5-F76138C2F581}.Debug|Any CPU.Build.0 = Debug|Any CPU
		{41FE3869-24E4-4FA4-94A5-F76138C2F581}.Release|Any CPU.ActiveCfg = Release|Any CPU
		{41FE3869-24E4-4FA4-94A5-F76138C2F581}.Release|Any CPU.Build.0 = Release|Any CPU
		{552F65D5-7946-483D-82F5-7592428D51BB}.Debug|Any CPU.ActiveCfg = Debug|Any CPU
		{552F65D5-7946-483D-82F5-7592428D51BB}.Debug|Any CPU.Build.0 = Debug|Any CPU
		{552F65D5-7946-483D-82F5-7592428D51BB}.Release|Any CPU.ActiveCfg = Release|Any CPU
		{552F65D5-7946-483D-82F5-7592428D51BB}.Release|Any CPU.Build.0 = Release|Any CPU
		{955EAC57-AF1C-46F1-AF12-7B112E6BE1E1}.Debug|Any CPU.ActiveCfg = Debug|Any CPU
		{955EAC57-AF1C-46F1-AF12-7B112E6BE1E1}.Debug|Any CPU.Build.0 = Debug|Any CPU
		{955EAC57-AF1C-46F1-AF12-7B112E6BE1E1}.Release|Any CPU.ActiveCfg = Release|Any CPU
		{955EAC57-AF1C-46F1-AF12-7B112E6BE1E1}.Release|Any CPU.Build.0 = Release|Any CPU
		{B23C2DDC-7FEC-4C37-ABBF-9C16AEABF911}.Debug|Any CPU.ActiveCfg = Debug|Any CPU
		{B23C2DDC-7FEC-4C37-ABBF-9C16AEABF911}.Debug|Any CPU.Build.0 = Debug|Any CPU
		{B23C2DDC-7FEC-4C37-ABBF-9C16AEABF911}.Release|Any CPU.ActiveCfg = Release|Any CPU
		{B23C2DDC-7FEC-4C37-ABBF-9C16AEABF911}.Release|Any CPU.Build.0 = Release|Any CPU
	EndGlobalSection
EndGlobal
